[[package]]
name = "Props721Collection-contract"
source = "member"
dependencies = [
    "libraries",
    "standards git+https://github.com/FuelLabs/sway-standards?tag=v0.6.1#792639cdf391565e6e6a02482ea8a46d9604a6f5",
    "std",
    "sway_libs",
]

[[package]]
name = "Props721Edition-contract"
source = "member"
dependencies = [
    "libraries",
    "standards git+https://github.com/FuelLabs/sway-standards?tag=v0.6.1#792639cdf391565e6e6a02482ea8a46d9604a6f5",
    "std",
    "sway_libs",
]

[[package]]
name = "PropsFeeSplitter-contract"
source = "member"
dependencies = [
    "libraries",
    "standards git+https://github.com/FuelLabs/sway-standards?tag=v0.6.1#792639cdf391565e6e6a02482ea8a46d9604a6f5",
    "std",
    "sway_libs",
]

[[package]]
name = "PropsRegistry-contract"
source = "member"
dependencies = [
    "libraries",
    "standards git+https://github.com/FuelLabs/sway-standards?tag=v0.6.1#792639cdf391565e6e6a02482ea8a46d9604a6f5",
    "std",
    "sway_libs",
]

[[package]]
name = "core"
source = "path+from-root-9C8BBF4FF32C2CC9"

[[package]]
name = "libraries"
source = "path+from-root-EF78EE3546F8FF59"
dependencies = [
    "standards git+https://github.com/FuelLabs/sway-standards?tag=v0.6.1#792639cdf391565e6e6a02482ea8a46d9604a6f5",
    "std",
]

[[package]]
name = "standards"
source = "git+https://github.com/FuelLabs/sway-standards?tag=v0.4.3#6f63eb7dff2458a7d976184e565b5cbf26f61da2"
dependencies = ["std"]

[[package]]
name = "standards"
source = "git+https://github.com/FuelLabs/sway-standards?tag=v0.6.1#792639cdf391565e6e6a02482ea8a46d9604a6f5"
dependencies = ["std"]

[[package]]
name = "std"
source = "git+https://github.com/fuellabs/sway?tag=v0.66.1#d5662c6bd0e5519446aa1b3ebb6af703025accec"
dependencies = ["core"]

[[package]]
name = "sway_libs"
source = "git+https://github.com/FuelLabs/sway-libs?tag=v0.21.0#6a227ed34c86fe1ebd334dbdfeccf66c43e3915b"
dependencies = [
    "standards git+https://github.com/FuelLabs/sway-standards?tag=v0.4.3#6f63eb7dff2458a7d976184e565b5cbf26f61da2",
    "std",
]
